{
  "originHash" : "42a288a16438ba5e07534d499bd2db37da009c884cfb7fa96f8a7525ab4bde07",
  "pins" : [
    {
      "identity" : "steppersharedui",
      "kind" : "remoteSourceControl",
      "location" : "https://github.com/H8K-iOS/StepperSharedUI",
      "state" : {
        "branch" : "main",
        "revision" : "80298f10349c504dab241c384f608e073efb692c"
      }
    }
  ],
  "version" : 3
}
